github.com/FortAwesome/Font-Awesome v0.0.0-20230327165841-0698449d50f2/go.mod h1:IUgezN/MFpCDIlFezw3L8j83oeiIuYoj28Miwr/KUYo=
github.com/FortAwesome/Font-Awesome v0.0.0-20240716171331-37eff7fa00de h1:JvHOfdSqvArF+7cffH9oWU8oLhn6YFYI60Pms8M/6tI=
github.com/FortAwesome/Font-Awesome v0.0.0-20240716171331-37eff7fa00de/go.mod h1:IUgezN/MFpCDIlFezw3L8j83oeiIuYoj28Miwr/KUYo=
github.com/google/docsy v0.11.0 h1:QnV40cc28QwS++kP9qINtrIv4hlASruhC/K3FqkHAmM=
github.com/google/docsy v0.11.0/go.mod h1:hGGW0OjNuG5ZbH5JRtALY3yvN8ybbEP/v2iaK4bwOUI=
github.com/google/docsy/dependencies v0.7.2 h1:+t5ufoADQAj4XneFphz4A+UU0ICAxmNaRHVWtMYXPSI=
github.com/google/docsy/dependencies v0.7.2/go.mod h1:gihhs5gmgeO+wuoay4FwOzob+jYJVyQbNaQOh788lD4=
github.com/twbs/bootstrap v5.2.3+incompatible/go.mod h1:fZTSrkpSf0/HkL0IIJzvVspTt1r9zuf7XlZau8kpcY0=
github.com/twbs/bootstrap v5.3.3+incompatible/go.mod h1:fZTSrkpSf0/HkL0IIJzvVspTt1r9zuf7XlZau8kpcY0=
github.com/twbs/bootstrap v5.3.6+incompatible h1:efmXVyq839m5QQ0+JBUdQQ1TrmoBqvQ5kRhUueKsH+4=
github.com/twbs/bootstrap v5.3.6+incompatible/go.mod h1:fZTSrkpSf0/HkL0IIJzvVspTt1r9zuf7XlZau8kpcY0=
